
Microsoft Visual Studio Solution File, Format Version 12.00
# Visual Studio Version 16
VisualStudioVersion = 16.0.30907.101
MinimumVisualStudioVersion = 10.0.40219.1
Project("{9A19103F-16F7-4668-BE54-9A1E7A4F7556}") = "00ENQUANTO", "URI 3.0\00ENQUANTO.csproj", "{035F6AF0-A20B-4283-B469-E39282AEBF63}"
EndProject
Project("{9A19103F-16F7-4668-BE54-9A1E7A4F7556}") = "1114", "1114\1114.csproj", "{450BF11E-7F0C-43AF-B592-6ED3BD05DBA0}"
EndProject
Project("{9A19103F-16F7-4668-BE54-9A1E7A4F7556}") = "1115", "1115\1115.csproj", "{D6EF26EF-9A45-41BD-B442-82AE43ECAB3A}"
EndProject
Project("{9A19103F-16F7-4668-BE54-9A1E7A4F7556}") = "1117", "1116\1117.csproj", "{96CB5311-4490-439A-BAF0-DA283E5B24DD}"
EndProject
Project("{9A19103F-16F7-4668-BE54-9A1E7A4F7556}") = "1118", "1118\1118.csproj", "{BA269D9B-2235-4FD3-9D6D-B4D8731B846A}"
EndProject
Project("{9A19103F-16F7-4668-BE54-9A1E7A4F7556}") = "1134", "1134\1134.csproj", "{510D4F04-7B7D-4240-A619-AB725A05B5ED}"
EndProject
Project("{9A19103F-16F7-4668-BE54-9A1E7A4F7556}") = "1154", "1154\1154.csproj", "{96A5F37C-CA77-492A-AA75-174D53341522}"
EndProject
Project("{9A19103F-16F7-4668-BE54-9A1E7A4F7556}") = "1159", "1159\1159.csproj", "{7602EA5F-8323-4EAA-BFE5-094F59C8E986}"
EndProject
Project("{9A19103F-16F7-4668-BE54-9A1E7A4F7556}") = "1131", "1131\1131.csproj", "{7750E10B-7923-44AF-8ABC-0309A6F38255}"
EndProject
Project("{9A19103F-16F7-4668-BE54-9A1E7A4F7556}") = "1059 PARA(FOR)", "1059\1059 PARA(FOR).csproj", "{670C19EC-DF85-4295-917D-FD2DCE659172}"
EndProject
Project("{9A19103F-16F7-4668-BE54-9A1E7A4F7556}") = "1067", "1067\1067.csproj", "{E5D08625-1FD8-4724-B7B0-A81EE19CC7F4}"
EndProject
Project("{9A19103F-16F7-4668-BE54-9A1E7A4F7556}") = "1071", "1071\1071.csproj", "{05CD2EF3-9AA6-4749-BCFE-C2CD56CEE576}"
EndProject
Project("{FAE04EC0-301F-11D3-BF4B-00C04F79EFBC}") = "1072", "1072\1072.csproj", "{754D0FE2-E8C3-4614-A7B8-66F7F2FC5792}"
EndProject
Project("{FAE04EC0-301F-11D3-BF4B-00C04F79EFBC}") = "1073", "1073\1073.csproj", "{17B9F020-396C-42FB-A2A5-3B7F4B6F669C}"
EndProject
Project("{FAE04EC0-301F-11D3-BF4B-00C04F79EFBC}") = "1074", "1074\1074.csproj", "{8E8C10BD-9074-4995-84D6-EE0C11B973F3}"
EndProject
Project("{FAE04EC0-301F-11D3-BF4B-00C04F79EFBC}") = "1075", "1075\1075.csproj", "{D38E14DB-22CD-494F-9385-6740B5759E82}"
EndProject
Project("{FAE04EC0-301F-11D3-BF4B-00C04F79EFBC}") = "1078", "1078\1078.csproj", "{6564FF26-3806-46D0-A20D-3B93CB2E1A57}"
EndProject
Project("{FAE04EC0-301F-11D3-BF4B-00C04F79EFBC}") = "1079", "1079\1079.csproj", "{826AD847-9B55-4E89-A2E6-84479D6F6F33}"
EndProject
Project("{FAE04EC0-301F-11D3-BF4B-00C04F79EFBC}") = "1080", "1080\1080.csproj", "{4266D734-CE37-4731-BDBE-1AF6516AD425}"
EndProject
Project("{FAE04EC0-301F-11D3-BF4B-00C04F79EFBC}") = "1094", "1094\1094.csproj", "{575CDDF9-AF24-476F-9913-7F29750DD80E}"
EndProject
Project("{FAE04EC0-301F-11D3-BF4B-00C04F79EFBC}") = "1096", "1096\1096.csproj", "{A2E80F1E-08F9-42E6-B738-B6BE77D808E5}"
EndProject
Project("{FAE04EC0-301F-11D3-BF4B-00C04F79EFBC}") = "1097", "1097\1097.csproj", "{9B5448F4-072A-471D-993A-0DF1F9BF36BD}"
EndProject
Global
	GlobalSection(SolutionConfigurationPlatforms) = preSolution
		Debug|Any CPU = Debug|Any CPU
		Release|Any CPU = Release|Any CPU
	EndGlobalSection
	GlobalSection(ProjectConfigurationPlatforms) = postSolution
		{035F6AF0-A20B-4283-B469-E39282AEBF63}.Debug|Any CPU.ActiveCfg = Debug|Any CPU
		{035F6AF0-A20B-4283-B469-E39282AEBF63}.Debug|Any CPU.Build.0 = Debug|Any CPU
		{035F6AF0-A20B-4283-B469-E39282AEBF63}.Release|Any CPU.ActiveCfg = Release|Any CPU
		{035F6AF0-A20B-4283-B469-E39282AEBF63}.Release|Any CPU.Build.0 = Release|Any CPU
		{450BF11E-7F0C-43AF-B592-6ED3BD05DBA0}.Debug|Any CPU.ActiveCfg = Debug|Any CPU
		{450BF11E-7F0C-43AF-B592-6ED3BD05DBA0}.Debug|Any CPU.Build.0 = Debug|Any CPU
		{450BF11E-7F0C-43AF-B592-6ED3BD05DBA0}.Release|Any CPU.ActiveCfg = Release|Any CPU
		{450BF11E-7F0C-43AF-B592-6ED3BD05DBA0}.Release|Any CPU.Build.0 = Release|Any CPU
		{D6EF26EF-9A45-41BD-B442-82AE43ECAB3A}.Debug|Any CPU.ActiveCfg = Debug|Any CPU
		{D6EF26EF-9A45-41BD-B442-82AE43ECAB3A}.Debug|Any CPU.Build.0 = Debug|Any CPU
		{D6EF26EF-9A45-41BD-B442-82AE43ECAB3A}.Release|Any CPU.ActiveCfg = Release|Any CPU
		{D6EF26EF-9A45-41BD-B442-82AE43ECAB3A}.Release|Any CPU.Build.0 = Release|Any CPU
		{96CB5311-4490-439A-BAF0-DA283E5B24DD}.Debug|Any CPU.ActiveCfg = Debug|Any CPU
		{96CB5311-4490-439A-BAF0-DA283E5B24DD}.Debug|Any CPU.Build.0 = Debug|Any CPU
		{96CB5311-4490-439A-BAF0-DA283E5B24DD}.Release|Any CPU.ActiveCfg = Release|Any CPU
		{96CB5311-4490-439A-BAF0-DA283E5B24DD}.Release|Any CPU.Build.0 = Release|Any CPU
		{BA269D9B-2235-4FD3-9D6D-B4D8731B846A}.Debug|Any CPU.ActiveCfg = Debug|Any CPU
		{BA269D9B-2235-4FD3-9D6D-B4D8731B846A}.Debug|Any CPU.Build.0 = Debug|Any CPU
		{BA269D9B-2235-4FD3-9D6D-B4D8731B846A}.Release|Any CPU.ActiveCfg = Release|Any CPU
		{BA269D9B-2235-4FD3-9D6D-B4D8731B846A}.Release|Any CPU.Build.0 = Release|Any CPU
		{510D4F04-7B7D-4240-A619-AB725A05B5ED}.Debug|Any CPU.ActiveCfg = Debug|Any CPU
		{510D4F04-7B7D-4240-A619-AB725A05B5ED}.Debug|Any CPU.Build.0 = Debug|Any CPU
		{510D4F04-7B7D-4240-A619-AB725A05B5ED}.Release|Any CPU.ActiveCfg = Release|Any CPU
		{510D4F04-7B7D-4240-A619-AB725A05B5ED}.Release|Any CPU.Build.0 = Release|Any CPU
		{96A5F37C-CA77-492A-AA75-174D53341522}.Debug|Any CPU.ActiveCfg = Debug|Any CPU
		{96A5F37C-CA77-492A-AA75-174D53341522}.Debug|Any CPU.Build.0 = Debug|Any CPU
		{96A5F37C-CA77-492A-AA75-174D53341522}.Release|Any CPU.ActiveCfg = Release|Any CPU
		{96A5F37C-CA77-492A-AA75-174D53341522}.Release|Any CPU.Build.0 = Release|Any CPU
		{7602EA5F-8323-4EAA-BFE5-094F59C8E986}.Debug|Any CPU.ActiveCfg = Debug|Any CPU
		{7602EA5F-8323-4EAA-BFE5-094F59C8E986}.Debug|Any CPU.Build.0 = Debug|Any CPU
		{7602EA5F-8323-4EAA-BFE5-094F59C8E986}.Release|Any CPU.ActiveCfg = Release|Any CPU
		{7602EA5F-8323-4EAA-BFE5-094F59C8E986}.Release|Any CPU.Build.0 = Release|Any CPU
		{7750E10B-7923-44AF-8ABC-0309A6F38255}.Debug|Any CPU.ActiveCfg = Debug|Any CPU
		{7750E10B-7923-44AF-8ABC-0309A6F38255}.Debug|Any CPU.Build.0 = Debug|Any CPU
		{7750E10B-7923-44AF-8ABC-0309A6F38255}.Release|Any CPU.ActiveCfg = Release|Any CPU
		{7750E10B-7923-44AF-8ABC-0309A6F38255}.Release|Any CPU.Build.0 = Release|Any CPU
		{670C19EC-DF85-4295-917D-FD2DCE659172}.Debug|Any CPU.ActiveCfg = Debug|Any CPU
		{670C19EC-DF85-4295-917D-FD2DCE659172}.Debug|Any CPU.Build.0 = Debug|Any CPU
		{670C19EC-DF85-4295-917D-FD2DCE659172}.Release|Any CPU.ActiveCfg = Release|Any CPU
		{670C19EC-DF85-4295-917D-FD2DCE659172}.Release|Any CPU.Build.0 = Release|Any CPU
		{E5D08625-1FD8-4724-B7B0-A81EE19CC7F4}.Debug|Any CPU.ActiveCfg = Debug|Any CPU
		{E5D08625-1FD8-4724-B7B0-A81EE19CC7F4}.Debug|Any CPU.Build.0 = Debug|Any CPU
		{E5D08625-1FD8-4724-B7B0-A81EE19CC7F4}.Release|Any CPU.ActiveCfg = Release|Any CPU
		{E5D08625-1FD8-4724-B7B0-A81EE19CC7F4}.Release|Any CPU.Build.0 = Release|Any CPU
		{05CD2EF3-9AA6-4749-BCFE-C2CD56CEE576}.Debug|Any CPU.ActiveCfg = Debug|Any CPU
		{05CD2EF3-9AA6-4749-BCFE-C2CD56CEE576}.Debug|Any CPU.Build.0 = Debug|Any CPU
		{05CD2EF3-9AA6-4749-BCFE-C2CD56CEE576}.Release|Any CPU.ActiveCfg = Release|Any CPU
		{05CD2EF3-9AA6-4749-BCFE-C2CD56CEE576}.Release|Any CPU.Build.0 = Release|Any CPU
		{754D0FE2-E8C3-4614-A7B8-66F7F2FC5792}.Debug|Any CPU.ActiveCfg = Debug|Any CPU
		{754D0FE2-E8C3-4614-A7B8-66F7F2FC5792}.Debug|Any CPU.Build.0 = Debug|Any CPU
		{754D0FE2-E8C3-4614-A7B8-66F7F2FC5792}.Release|Any CPU.ActiveCfg = Release|Any CPU
		{754D0FE2-E8C3-4614-A7B8-66F7F2FC5792}.Release|Any CPU.Build.0 = Release|Any CPU
		{17B9F020-396C-42FB-A2A5-3B7F4B6F669C}.Debug|Any CPU.ActiveCfg = Debug|Any CPU
		{17B9F020-396C-42FB-A2A5-3B7F4B6F669C}.Debug|Any CPU.Build.0 = Debug|Any CPU
		{17B9F020-396C-42FB-A2A5-3B7F4B6F669C}.Release|Any CPU.ActiveCfg = Release|Any CPU
		{17B9F020-396C-42FB-A2A5-3B7F4B6F669C}.Release|Any CPU.Build.0 = Release|Any CPU
		{8E8C10BD-9074-4995-84D6-EE0C11B973F3}.Debug|Any CPU.ActiveCfg = Debug|Any CPU
		{8E8C10BD-9074-4995-84D6-EE0C11B973F3}.Debug|Any CPU.Build.0 = Debug|Any CPU
		{8E8C10BD-9074-4995-84D6-EE0C11B973F3}.Release|Any CPU.ActiveCfg = Release|Any CPU
		{8E8C10BD-9074-4995-84D6-EE0C11B973F3}.Release|Any CPU.Build.0 = Release|Any CPU
		{D38E14DB-22CD-494F-9385-6740B5759E82}.Debug|Any CPU.ActiveCfg = Debug|Any CPU
		{D38E14DB-22CD-494F-9385-6740B5759E82}.Debug|Any CPU.Build.0 = Debug|Any CPU
		{D38E14DB-22CD-494F-9385-6740B5759E82}.Release|Any CPU.ActiveCfg = Release|Any CPU
		{D38E14DB-22CD-494F-9385-6740B5759E82}.Release|Any CPU.Build.0 = Release|Any CPU
		{6564FF26-3806-46D0-A20D-3B93CB2E1A57}.Debug|Any CPU.ActiveCfg = Debug|Any CPU
		{6564FF26-3806-46D0-A20D-3B93CB2E1A57}.Debug|Any CPU.Build.0 = Debug|Any CPU
		{6564FF26-3806-46D0-A20D-3B93CB2E1A57}.Release|Any CPU.ActiveCfg = Release|Any CPU
		{6564FF26-3806-46D0-A20D-3B93CB2E1A57}.Release|Any CPU.Build.0 = Release|Any CPU
		{826AD847-9B55-4E89-A2E6-84479D6F6F33}.Debug|Any CPU.ActiveCfg = Debug|Any CPU
		{826AD847-9B55-4E89-A2E6-84479D6F6F33}.Debug|Any CPU.Build.0 = Debug|Any CPU
		{826AD847-9B55-4E89-A2E6-84479D6F6F33}.Release|Any CPU.ActiveCfg = Release|Any CPU
		{826AD847-9B55-4E89-A2E6-84479D6F6F33}.Release|Any CPU.Build.0 = Release|Any CPU
		{4266D734-CE37-4731-BDBE-1AF6516AD425}.Debug|Any CPU.ActiveCfg = Debug|Any CPU
		{4266D734-CE37-4731-BDBE-1AF6516AD425}.Debug|Any CPU.Build.0 = Debug|Any CPU
		{4266D734-CE37-4731-BDBE-1AF6516AD425}.Release|Any CPU.ActiveCfg = Release|Any CPU
		{4266D734-CE37-4731-BDBE-1AF6516AD425}.Release|Any CPU.Build.0 = Release|Any CPU
		{575CDDF9-AF24-476F-9913-7F29750DD80E}.Debug|Any CPU.ActiveCfg = Debug|Any CPU
		{575CDDF9-AF24-476F-9913-7F29750DD80E}.Debug|Any CPU.Build.0 = Debug|Any CPU
		{575CDDF9-AF24-476F-9913-7F29750DD80E}.Release|Any CPU.ActiveCfg = Release|Any CPU
		{575CDDF9-AF24-476F-9913-7F29750DD80E}.Release|Any CPU.Build.0 = Release|Any CPU
		{A2E80F1E-08F9-42E6-B738-B6BE77D808E5}.Debug|Any CPU.ActiveCfg = Debug|Any CPU
		{A2E80F1E-08F9-42E6-B738-B6BE77D808E5}.Debug|Any CPU.Build.0 = Debug|Any CPU
		{A2E80F1E-08F9-42E6-B738-B6BE77D808E5}.Release|Any CPU.ActiveCfg = Release|Any CPU
		{A2E80F1E-08F9-42E6-B738-B6BE77D808E5}.Release|Any CPU.Build.0 = Release|Any CPU
		{9B5448F4-072A-471D-993A-0DF1F9BF36BD}.Debug|Any CPU.ActiveCfg = Debug|Any CPU
		{9B5448F4-072A-471D-993A-0DF1F9BF36BD}.Debug|Any CPU.Build.0 = Debug|Any CPU
		{9B5448F4-072A-471D-993A-0DF1F9BF36BD}.Release|Any CPU.ActiveCfg = Release|Any CPU
		{9B5448F4-072A-471D-993A-0DF1F9BF36BD}.Release|Any CPU.Build.0 = Release|Any CPU
	EndGlobalSection
	GlobalSection(SolutionProperties) = preSolution
		HideSolutionNode = FALSE
	EndGlobalSection
	GlobalSection(ExtensibilityGlobals) = postSolution
		SolutionGuid = {0497B2DD-8409-483D-A78F-C22FC8B2F89F}
	EndGlobalSection
EndGlobal
