
Microsoft Visual Studio Solution File, Format Version 12.00
# Visual Studio Version 16
VisualStudioVersion = 16.0.30011.22
MinimumVisualStudioVersion = 10.0.40219.1
Project("{9A19103F-16F7-4668-BE54-9A1E7A4F7556}") = "URI1001", "URI1001\URI1001.csproj", "{776628C1-23E5-49C4-B280-2A769B2498C5}"
EndProject
Project("{9A19103F-16F7-4668-BE54-9A1E7A4F7556}") = "URI1002", "URI1002\URI1002.csproj", "{7C7C68F4-8BF0-4F67-AD79-D0C843BF9DFE}"
EndProject
Project("{9A19103F-16F7-4668-BE54-9A1E7A4F7556}") = "URI1003", "URI1003\URI1003.csproj", "{E15A97C8-F3F3-4394-A4E7-8E7D63429BE5}"
EndProject
Project("{FAE04EC0-301F-11D3-BF4B-00C04F79EFBC}") = "URI1004", "URI1004\URI1004.csproj", "{3D43D627-46D6-4565-829D-AEF007272CE6}"
EndProject
Project("{FAE04EC0-301F-11D3-BF4B-00C04F79EFBC}") = "URI1005", "URI1005\URI1005.csproj", "{80A96897-4C58-4080-86B8-85A4561259EF}"
EndProject
Project("{FAE04EC0-301F-11D3-BF4B-00C04F79EFBC}") = "URI1006", "URI1006\URI1006.csproj", "{68D18014-F47C-44E2-8514-B5EB71E5D545}"
EndProject
Project("{FAE04EC0-301F-11D3-BF4B-00C04F79EFBC}") = "URI1007", "URI1007\URI1007.csproj", "{4986455A-8AF9-425D-BC33-2BE667F41232}"
EndProject
Project("{FAE04EC0-301F-11D3-BF4B-00C04F79EFBC}") = "URI1008", "URI1008\URI1008.csproj", "{C86F4CAB-5E4C-4884-90BC-D12146C59539}"
EndProject
Project("{FAE04EC0-301F-11D3-BF4B-00C04F79EFBC}") = "URI1009", "URI1009\URI1009.csproj", "{3DE94A57-61EE-4692-AFD3-205FB5A979F1}"
EndProject
Project("{FAE04EC0-301F-11D3-BF4B-00C04F79EFBC}") = "URI1010", "URI1010\URI1010.csproj", "{A78137A1-9757-4648-A463-25F8813FD767}"
EndProject
Project("{FAE04EC0-301F-11D3-BF4B-00C04F79EFBC}") = "URI1011", "URI1011\URI1011.csproj", "{CC5E4F59-1C0A-43B7-8593-D9DBF61842D0}"
EndProject
Project("{FAE04EC0-301F-11D3-BF4B-00C04F79EFBC}") = "URI1012", "URI1012\URI1012.csproj", "{F3023F47-BAAD-4901-8BCD-48E0A70165BD}"
EndProject
Project("{FAE04EC0-301F-11D3-BF4B-00C04F79EFBC}") = "URI1014", "URI1013\URI1014.csproj", "{448BC427-A3CC-46D1-A24C-2016327D871A}"
EndProject
Project("{FAE04EC0-301F-11D3-BF4B-00C04F79EFBC}") = "URI1016", "URI1016\URI1016.csproj", "{D5B78C6B-7DF4-4440-86B8-333849370168}"
EndProject
Project("{FAE04EC0-301F-11D3-BF4B-00C04F79EFBC}") = "URI1017", "URI1017\URI1017.csproj", "{932D9725-26E1-4EB0-BCE5-830DE0588401}"
EndProject
Global
	GlobalSection(SolutionConfigurationPlatforms) = preSolution
		Debug|Any CPU = Debug|Any CPU
		Release|Any CPU = Release|Any CPU
	EndGlobalSection
	GlobalSection(ProjectConfigurationPlatforms) = postSolution
		{776628C1-23E5-49C4-B280-2A769B2498C5}.Debug|Any CPU.ActiveCfg = Debug|Any CPU
		{776628C1-23E5-49C4-B280-2A769B2498C5}.Debug|Any CPU.Build.0 = Debug|Any CPU
		{776628C1-23E5-49C4-B280-2A769B2498C5}.Release|Any CPU.ActiveCfg = Release|Any CPU
		{776628C1-23E5-49C4-B280-2A769B2498C5}.Release|Any CPU.Build.0 = Release|Any CPU
		{7C7C68F4-8BF0-4F67-AD79-D0C843BF9DFE}.Debug|Any CPU.ActiveCfg = Debug|Any CPU
		{7C7C68F4-8BF0-4F67-AD79-D0C843BF9DFE}.Debug|Any CPU.Build.0 = Debug|Any CPU
		{7C7C68F4-8BF0-4F67-AD79-D0C843BF9DFE}.Release|Any CPU.ActiveCfg = Release|Any CPU
		{7C7C68F4-8BF0-4F67-AD79-D0C843BF9DFE}.Release|Any CPU.Build.0 = Release|Any CPU
		{E15A97C8-F3F3-4394-A4E7-8E7D63429BE5}.Debug|Any CPU.ActiveCfg = Debug|Any CPU
		{E15A97C8-F3F3-4394-A4E7-8E7D63429BE5}.Debug|Any CPU.Build.0 = Debug|Any CPU
		{E15A97C8-F3F3-4394-A4E7-8E7D63429BE5}.Release|Any CPU.ActiveCfg = Release|Any CPU
		{E15A97C8-F3F3-4394-A4E7-8E7D63429BE5}.Release|Any CPU.Build.0 = Release|Any CPU
		{3D43D627-46D6-4565-829D-AEF007272CE6}.Debug|Any CPU.ActiveCfg = Debug|Any CPU
		{3D43D627-46D6-4565-829D-AEF007272CE6}.Debug|Any CPU.Build.0 = Debug|Any CPU
		{3D43D627-46D6-4565-829D-AEF007272CE6}.Release|Any CPU.ActiveCfg = Release|Any CPU
		{3D43D627-46D6-4565-829D-AEF007272CE6}.Release|Any CPU.Build.0 = Release|Any CPU
		{80A96897-4C58-4080-86B8-85A4561259EF}.Debug|Any CPU.ActiveCfg = Debug|Any CPU
		{80A96897-4C58-4080-86B8-85A4561259EF}.Debug|Any CPU.Build.0 = Debug|Any CPU
		{80A96897-4C58-4080-86B8-85A4561259EF}.Release|Any CPU.ActiveCfg = Release|Any CPU
		{80A96897-4C58-4080-86B8-85A4561259EF}.Release|Any CPU.Build.0 = Release|Any CPU
		{68D18014-F47C-44E2-8514-B5EB71E5D545}.Debug|Any CPU.ActiveCfg = Debug|Any CPU
		{68D18014-F47C-44E2-8514-B5EB71E5D545}.Debug|Any CPU.Build.0 = Debug|Any CPU
		{68D18014-F47C-44E2-8514-B5EB71E5D545}.Release|Any CPU.ActiveCfg = Release|Any CPU
		{68D18014-F47C-44E2-8514-B5EB71E5D545}.Release|Any CPU.Build.0 = Release|Any CPU
		{4986455A-8AF9-425D-BC33-2BE667F41232}.Debug|Any CPU.ActiveCfg = Debug|Any CPU
		{4986455A-8AF9-425D-BC33-2BE667F41232}.Debug|Any CPU.Build.0 = Debug|Any CPU
		{4986455A-8AF9-425D-BC33-2BE667F41232}.Release|Any CPU.ActiveCfg = Release|Any CPU
		{4986455A-8AF9-425D-BC33-2BE667F41232}.Release|Any CPU.Build.0 = Release|Any CPU
		{C86F4CAB-5E4C-4884-90BC-D12146C59539}.Debug|Any CPU.ActiveCfg = Debug|Any CPU
		{C86F4CAB-5E4C-4884-90BC-D12146C59539}.Debug|Any CPU.Build.0 = Debug|Any CPU
		{C86F4CAB-5E4C-4884-90BC-D12146C59539}.Release|Any CPU.ActiveCfg = Release|Any CPU
		{C86F4CAB-5E4C-4884-90BC-D12146C59539}.Release|Any CPU.Build.0 = Release|Any CPU
		{3DE94A57-61EE-4692-AFD3-205FB5A979F1}.Debug|Any CPU.ActiveCfg = Debug|Any CPU
		{3DE94A57-61EE-4692-AFD3-205FB5A979F1}.Debug|Any CPU.Build.0 = Debug|Any CPU
		{3DE94A57-61EE-4692-AFD3-205FB5A979F1}.Release|Any CPU.ActiveCfg = Release|Any CPU
		{3DE94A57-61EE-4692-AFD3-205FB5A979F1}.Release|Any CPU.Build.0 = Release|Any CPU
		{A78137A1-9757-4648-A463-25F8813FD767}.Debug|Any CPU.ActiveCfg = Debug|Any CPU
		{A78137A1-9757-4648-A463-25F8813FD767}.Debug|Any CPU.Build.0 = Debug|Any CPU
		{A78137A1-9757-4648-A463-25F8813FD767}.Release|Any CPU.ActiveCfg = Release|Any CPU
		{A78137A1-9757-4648-A463-25F8813FD767}.Release|Any CPU.Build.0 = Release|Any CPU
		{CC5E4F59-1C0A-43B7-8593-D9DBF61842D0}.Debug|Any CPU.ActiveCfg = Debug|Any CPU
		{CC5E4F59-1C0A-43B7-8593-D9DBF61842D0}.Debug|Any CPU.Build.0 = Debug|Any CPU
		{CC5E4F59-1C0A-43B7-8593-D9DBF61842D0}.Release|Any CPU.ActiveCfg = Release|Any CPU
		{CC5E4F59-1C0A-43B7-8593-D9DBF61842D0}.Release|Any CPU.Build.0 = Release|Any CPU
		{F3023F47-BAAD-4901-8BCD-48E0A70165BD}.Debug|Any CPU.ActiveCfg = Debug|Any CPU
		{F3023F47-BAAD-4901-8BCD-48E0A70165BD}.Debug|Any CPU.Build.0 = Debug|Any CPU
		{F3023F47-BAAD-4901-8BCD-48E0A70165BD}.Release|Any CPU.ActiveCfg = Release|Any CPU
		{F3023F47-BAAD-4901-8BCD-48E0A70165BD}.Release|Any CPU.Build.0 = Release|Any CPU
		{448BC427-A3CC-46D1-A24C-2016327D871A}.Debug|Any CPU.ActiveCfg = Debug|Any CPU
		{448BC427-A3CC-46D1-A24C-2016327D871A}.Debug|Any CPU.Build.0 = Debug|Any CPU
		{448BC427-A3CC-46D1-A24C-2016327D871A}.Release|Any CPU.ActiveCfg = Release|Any CPU
		{448BC427-A3CC-46D1-A24C-2016327D871A}.Release|Any CPU.Build.0 = Release|Any CPU
		{D5B78C6B-7DF4-4440-86B8-333849370168}.Debug|Any CPU.ActiveCfg = Debug|Any CPU
		{D5B78C6B-7DF4-4440-86B8-333849370168}.Debug|Any CPU.Build.0 = Debug|Any CPU
		{D5B78C6B-7DF4-4440-86B8-333849370168}.Release|Any CPU.ActiveCfg = Release|Any CPU
		{D5B78C6B-7DF4-4440-86B8-333849370168}.Release|Any CPU.Build.0 = Release|Any CPU
		{932D9725-26E1-4EB0-BCE5-830DE0588401}.Debug|Any CPU.ActiveCfg = Debug|Any CPU
		{932D9725-26E1-4EB0-BCE5-830DE0588401}.Debug|Any CPU.Build.0 = Debug|Any CPU
		{932D9725-26E1-4EB0-BCE5-830DE0588401}.Release|Any CPU.ActiveCfg = Release|Any CPU
		{932D9725-26E1-4EB0-BCE5-830DE0588401}.Release|Any CPU.Build.0 = Release|Any CPU
	EndGlobalSection
	GlobalSection(SolutionProperties) = preSolution
		HideSolutionNode = FALSE
	EndGlobalSection
	GlobalSection(ExtensibilityGlobals) = postSolution
		SolutionGuid = {F4DBA814-1B5C-4342-A9F0-E0BCA941306C}
	EndGlobalSection
EndGlobal
