
Microsoft Visual Studio Solution File, Format Version 12.00
# Visual Studio Version 16
VisualStudioVersion = 16.0.30011.22
MinimumVisualStudioVersion = 10.0.40219.1
Project("{9A19103F-16F7-4668-BE54-9A1E7A4F7556}") = "URI1001", "URI1001\URI1001.csproj", "{776628C1-23E5-49C4-B280-2A769B2498C5}"
EndProject
Project("{9A19103F-16F7-4668-BE54-9A1E7A4F7556}") = "URI1002", "URI1002\URI1002.csproj", "{7C7C68F4-8BF0-4F67-AD79-D0C843BF9DFE}"
EndProject
Project("{9A19103F-16F7-4668-BE54-9A1E7A4F7556}") = "URI1003", "URI1003\URI1003.csproj", "{E15A97C8-F3F3-4394-A4E7-8E7D63429BE5}"
EndProject
Project("{9A19103F-16F7-4668-BE54-9A1E7A4F7556}") = "URI1004", "URI1004\URI1004.csproj", "{3D43D627-46D6-4565-829D-AEF007272CE6}"
EndProject
Project("{9A19103F-16F7-4668-BE54-9A1E7A4F7556}") = "URI1005", "URI1005\URI1005.csproj", "{80A96897-4C58-4080-86B8-85A4561259EF}"
EndProject
Project("{9A19103F-16F7-4668-BE54-9A1E7A4F7556}") = "URI1006", "URI1006\URI1006.csproj", "{68D18014-F47C-44E2-8514-B5EB71E5D545}"
EndProject
Project("{9A19103F-16F7-4668-BE54-9A1E7A4F7556}") = "URI1007", "URI1007\URI1007.csproj", "{4986455A-8AF9-425D-BC33-2BE667F41232}"
EndProject
Project("{9A19103F-16F7-4668-BE54-9A1E7A4F7556}") = "URI1008", "URI1008\URI1008.csproj", "{C86F4CAB-5E4C-4884-90BC-D12146C59539}"
EndProject
Project("{9A19103F-16F7-4668-BE54-9A1E7A4F7556}") = "URI1009", "URI1009\URI1009.csproj", "{3DE94A57-61EE-4692-AFD3-205FB5A979F1}"
EndProject
Project("{9A19103F-16F7-4668-BE54-9A1E7A4F7556}") = "URI1010", "URI1010\URI1010.csproj", "{A78137A1-9757-4648-A463-25F8813FD767}"
EndProject
Project("{9A19103F-16F7-4668-BE54-9A1E7A4F7556}") = "URI1011", "URI1011\URI1011.csproj", "{CC5E4F59-1C0A-43B7-8593-D9DBF61842D0}"
EndProject
Project("{9A19103F-16F7-4668-BE54-9A1E7A4F7556}") = "URI1012", "URI1012\URI1012.csproj", "{F3023F47-BAAD-4901-8BCD-48E0A70165BD}"
EndProject
Project("{9A19103F-16F7-4668-BE54-9A1E7A4F7556}") = "URI1014", "URI1013\URI1014.csproj", "{448BC427-A3CC-46D1-A24C-2016327D871A}"
EndProject
Project("{9A19103F-16F7-4668-BE54-9A1E7A4F7556}") = "URI1016", "URI1016\URI1016.csproj", "{D5B78C6B-7DF4-4440-86B8-333849370168}"
EndProject
Project("{9A19103F-16F7-4668-BE54-9A1E7A4F7556}") = "URI1017", "URI1017\URI1017.csproj", "{932D9725-26E1-4EB0-BCE5-830DE0588401}"
EndProject
Project("{9A19103F-16F7-4668-BE54-9A1E7A4F7556}") = "URI 1013", "URI 1013\URI 1013.csproj", "{08F6EB1E-16E4-42BF-9915-4E04CB178DEE}"
EndProject
Project("{9A19103F-16F7-4668-BE54-9A1E7A4F7556}") = "URI 1015", "URI 1015\URI 1015.csproj", "{5FB690BB-AB5D-46DD-84B8-94230A63448A}"
EndProject
Project("{9A19103F-16F7-4668-BE54-9A1E7A4F7556}") = "URI 1019", "URI 1019\URI 1019.csproj", "{31A124B5-14E3-46B3-9026-0C69A76C9F01}"
EndProject
Project("{9A19103F-16F7-4668-BE54-9A1E7A4F7556}") = "URI 1018", "URI 1018\URI 1018.csproj", "{FA53FED3-7D84-4495-A16A-A5236644D420}"
EndProject
Project("{9A19103F-16F7-4668-BE54-9A1E7A4F7556}") = "URI 1020", "URI 1020\URI 1020.csproj", "{77CAF8B4-09ED-4D8B-803B-7B4FCCF1BC62}"
EndProject
Project("{9A19103F-16F7-4668-BE54-9A1E7A4F7556}") = "URI 1021", "URI 1021\URI 1021.csproj", "{F1EC17B8-2D57-4D62-905D-99C41BF44080}"
EndProject
Project("{9A19103F-16F7-4668-BE54-9A1E7A4F7556}") = "URI 1035", "URI 1035\URI 1035.csproj", "{4186F61B-C591-4854-9AA1-060EB714950D}"
EndProject
Project("{9A19103F-16F7-4668-BE54-9A1E7A4F7556}") = "URI 1036", "URI 1036\URI 1036.csproj", "{ED1F7AC9-7B63-4FC6-A6A8-14BD1AB5D25E}"
EndProject
Project("{9A19103F-16F7-4668-BE54-9A1E7A4F7556}") = "URI 1037", "URI 1037\URI 1037.csproj", "{B5893807-70E8-45EE-90DA-718C69BFA0EC}"
EndProject
Project("{9A19103F-16F7-4668-BE54-9A1E7A4F7556}") = "URI 1038", "URI 1038\URI 1038.csproj", "{BAF12F16-1EA7-441B-A33B-FBFBD3B9512F}"
EndProject
Project("{9A19103F-16F7-4668-BE54-9A1E7A4F7556}") = "URI 1040", "URI 1040\URI 1040.csproj", "{7D31611D-E726-4F82-A9E6-B3023135943D}"
EndProject
Project("{9A19103F-16F7-4668-BE54-9A1E7A4F7556}") = "URI 1041", "URI 1041\URI 1041.csproj", "{708CA0AD-A43E-466F-8F9A-48CD97F467F2}"
EndProject
Project("{9A19103F-16F7-4668-BE54-9A1E7A4F7556}") = "URI 1042", "URI 1042\URI 1042.csproj", "{3081E105-8D41-4622-9B53-CFEDF27B7762}"
EndProject
Project("{9A19103F-16F7-4668-BE54-9A1E7A4F7556}") = "URI 1043", "URI 1043\URI 1043.csproj", "{973D83EB-45A4-422C-A525-4B1FEA1B6EB9}"
EndProject
Project("{9A19103F-16F7-4668-BE54-9A1E7A4F7556}") = "URI 1044", "URI 1044\URI 1044.csproj", "{F3010A91-7952-40C6-B838-E7DE04DFA00F}"
EndProject
Project("{9A19103F-16F7-4668-BE54-9A1E7A4F7556}") = "URI 1045", "URI 1045\URI 1045.csproj", "{90F38C9E-D85C-4E6C-8C33-D6093E33929C}"
EndProject
Global
	GlobalSection(SolutionConfigurationPlatforms) = preSolution
		Debug|Any CPU = Debug|Any CPU
		Release|Any CPU = Release|Any CPU
	EndGlobalSection
	GlobalSection(ProjectConfigurationPlatforms) = postSolution
		{776628C1-23E5-49C4-B280-2A769B2498C5}.Debug|Any CPU.ActiveCfg = Debug|Any CPU
		{776628C1-23E5-49C4-B280-2A769B2498C5}.Debug|Any CPU.Build.0 = Debug|Any CPU
		{776628C1-23E5-49C4-B280-2A769B2498C5}.Release|Any CPU.ActiveCfg = Release|Any CPU
		{776628C1-23E5-49C4-B280-2A769B2498C5}.Release|Any CPU.Build.0 = Release|Any CPU
		{7C7C68F4-8BF0-4F67-AD79-D0C843BF9DFE}.Debug|Any CPU.ActiveCfg = Debug|Any CPU
		{7C7C68F4-8BF0-4F67-AD79-D0C843BF9DFE}.Debug|Any CPU.Build.0 = Debug|Any CPU
		{7C7C68F4-8BF0-4F67-AD79-D0C843BF9DFE}.Release|Any CPU.ActiveCfg = Release|Any CPU
		{7C7C68F4-8BF0-4F67-AD79-D0C843BF9DFE}.Release|Any CPU.Build.0 = Release|Any CPU
		{E15A97C8-F3F3-4394-A4E7-8E7D63429BE5}.Debug|Any CPU.ActiveCfg = Debug|Any CPU
		{E15A97C8-F3F3-4394-A4E7-8E7D63429BE5}.Debug|Any CPU.Build.0 = Debug|Any CPU
		{E15A97C8-F3F3-4394-A4E7-8E7D63429BE5}.Release|Any CPU.ActiveCfg = Release|Any CPU
		{E15A97C8-F3F3-4394-A4E7-8E7D63429BE5}.Release|Any CPU.Build.0 = Release|Any CPU
		{3D43D627-46D6-4565-829D-AEF007272CE6}.Debug|Any CPU.ActiveCfg = Debug|Any CPU
		{3D43D627-46D6-4565-829D-AEF007272CE6}.Debug|Any CPU.Build.0 = Debug|Any CPU
		{3D43D627-46D6-4565-829D-AEF007272CE6}.Release|Any CPU.ActiveCfg = Release|Any CPU
		{3D43D627-46D6-4565-829D-AEF007272CE6}.Release|Any CPU.Build.0 = Release|Any CPU
		{80A96897-4C58-4080-86B8-85A4561259EF}.Debug|Any CPU.ActiveCfg = Debug|Any CPU
		{80A96897-4C58-4080-86B8-85A4561259EF}.Debug|Any CPU.Build.0 = Debug|Any CPU
		{80A96897-4C58-4080-86B8-85A4561259EF}.Release|Any CPU.ActiveCfg = Release|Any CPU
		{80A96897-4C58-4080-86B8-85A4561259EF}.Release|Any CPU.Build.0 = Release|Any CPU
		{68D18014-F47C-44E2-8514-B5EB71E5D545}.Debug|Any CPU.ActiveCfg = Debug|Any CPU
		{68D18014-F47C-44E2-8514-B5EB71E5D545}.Debug|Any CPU.Build.0 = Debug|Any CPU
		{68D18014-F47C-44E2-8514-B5EB71E5D545}.Release|Any CPU.ActiveCfg = Release|Any CPU
		{68D18014-F47C-44E2-8514-B5EB71E5D545}.Release|Any CPU.Build.0 = Release|Any CPU
		{4986455A-8AF9-425D-BC33-2BE667F41232}.Debug|Any CPU.ActiveCfg = Debug|Any CPU
		{4986455A-8AF9-425D-BC33-2BE667F41232}.Debug|Any CPU.Build.0 = Debug|Any CPU
		{4986455A-8AF9-425D-BC33-2BE667F41232}.Release|Any CPU.ActiveCfg = Release|Any CPU
		{4986455A-8AF9-425D-BC33-2BE667F41232}.Release|Any CPU.Build.0 = Release|Any CPU
		{C86F4CAB-5E4C-4884-90BC-D12146C59539}.Debug|Any CPU.ActiveCfg = Debug|Any CPU
		{C86F4CAB-5E4C-4884-90BC-D12146C59539}.Debug|Any CPU.Build.0 = Debug|Any CPU
		{C86F4CAB-5E4C-4884-90BC-D12146C59539}.Release|Any CPU.ActiveCfg = Release|Any CPU
		{C86F4CAB-5E4C-4884-90BC-D12146C59539}.Release|Any CPU.Build.0 = Release|Any CPU
		{3DE94A57-61EE-4692-AFD3-205FB5A979F1}.Debug|Any CPU.ActiveCfg = Debug|Any CPU
		{3DE94A57-61EE-4692-AFD3-205FB5A979F1}.Debug|Any CPU.Build.0 = Debug|Any CPU
		{3DE94A57-61EE-4692-AFD3-205FB5A979F1}.Release|Any CPU.ActiveCfg = Release|Any CPU
		{3DE94A57-61EE-4692-AFD3-205FB5A979F1}.Release|Any CPU.Build.0 = Release|Any CPU
		{A78137A1-9757-4648-A463-25F8813FD767}.Debug|Any CPU.ActiveCfg = Debug|Any CPU
		{A78137A1-9757-4648-A463-25F8813FD767}.Debug|Any CPU.Build.0 = Debug|Any CPU
		{A78137A1-9757-4648-A463-25F8813FD767}.Release|Any CPU.ActiveCfg = Release|Any CPU
		{A78137A1-9757-4648-A463-25F8813FD767}.Release|Any CPU.Build.0 = Release|Any CPU
		{CC5E4F59-1C0A-43B7-8593-D9DBF61842D0}.Debug|Any CPU.ActiveCfg = Debug|Any CPU
		{CC5E4F59-1C0A-43B7-8593-D9DBF61842D0}.Debug|Any CPU.Build.0 = Debug|Any CPU
		{CC5E4F59-1C0A-43B7-8593-D9DBF61842D0}.Release|Any CPU.ActiveCfg = Release|Any CPU
		{CC5E4F59-1C0A-43B7-8593-D9DBF61842D0}.Release|Any CPU.Build.0 = Release|Any CPU
		{F3023F47-BAAD-4901-8BCD-48E0A70165BD}.Debug|Any CPU.ActiveCfg = Debug|Any CPU
		{F3023F47-BAAD-4901-8BCD-48E0A70165BD}.Debug|Any CPU.Build.0 = Debug|Any CPU
		{F3023F47-BAAD-4901-8BCD-48E0A70165BD}.Release|Any CPU.ActiveCfg = Release|Any CPU
		{F3023F47-BAAD-4901-8BCD-48E0A70165BD}.Release|Any CPU.Build.0 = Release|Any CPU
		{448BC427-A3CC-46D1-A24C-2016327D871A}.Debug|Any CPU.ActiveCfg = Debug|Any CPU
		{448BC427-A3CC-46D1-A24C-2016327D871A}.Debug|Any CPU.Build.0 = Debug|Any CPU
		{448BC427-A3CC-46D1-A24C-2016327D871A}.Release|Any CPU.ActiveCfg = Release|Any CPU
		{448BC427-A3CC-46D1-A24C-2016327D871A}.Release|Any CPU.Build.0 = Release|Any CPU
		{D5B78C6B-7DF4-4440-86B8-333849370168}.Debug|Any CPU.ActiveCfg = Debug|Any CPU
		{D5B78C6B-7DF4-4440-86B8-333849370168}.Debug|Any CPU.Build.0 = Debug|Any CPU
		{D5B78C6B-7DF4-4440-86B8-333849370168}.Release|Any CPU.ActiveCfg = Release|Any CPU
		{D5B78C6B-7DF4-4440-86B8-333849370168}.Release|Any CPU.Build.0 = Release|Any CPU
		{932D9725-26E1-4EB0-BCE5-830DE0588401}.Debug|Any CPU.ActiveCfg = Debug|Any CPU
		{932D9725-26E1-4EB0-BCE5-830DE0588401}.Debug|Any CPU.Build.0 = Debug|Any CPU
		{932D9725-26E1-4EB0-BCE5-830DE0588401}.Release|Any CPU.ActiveCfg = Release|Any CPU
		{932D9725-26E1-4EB0-BCE5-830DE0588401}.Release|Any CPU.Build.0 = Release|Any CPU
		{08F6EB1E-16E4-42BF-9915-4E04CB178DEE}.Debug|Any CPU.ActiveCfg = Debug|Any CPU
		{08F6EB1E-16E4-42BF-9915-4E04CB178DEE}.Debug|Any CPU.Build.0 = Debug|Any CPU
		{08F6EB1E-16E4-42BF-9915-4E04CB178DEE}.Release|Any CPU.ActiveCfg = Release|Any CPU
		{08F6EB1E-16E4-42BF-9915-4E04CB178DEE}.Release|Any CPU.Build.0 = Release|Any CPU
		{5FB690BB-AB5D-46DD-84B8-94230A63448A}.Debug|Any CPU.ActiveCfg = Debug|Any CPU
		{5FB690BB-AB5D-46DD-84B8-94230A63448A}.Debug|Any CPU.Build.0 = Debug|Any CPU
		{5FB690BB-AB5D-46DD-84B8-94230A63448A}.Release|Any CPU.ActiveCfg = Release|Any CPU
		{5FB690BB-AB5D-46DD-84B8-94230A63448A}.Release|Any CPU.Build.0 = Release|Any CPU
		{31A124B5-14E3-46B3-9026-0C69A76C9F01}.Debug|Any CPU.ActiveCfg = Debug|Any CPU
		{31A124B5-14E3-46B3-9026-0C69A76C9F01}.Debug|Any CPU.Build.0 = Debug|Any CPU
		{31A124B5-14E3-46B3-9026-0C69A76C9F01}.Release|Any CPU.ActiveCfg = Release|Any CPU
		{31A124B5-14E3-46B3-9026-0C69A76C9F01}.Release|Any CPU.Build.0 = Release|Any CPU
		{FA53FED3-7D84-4495-A16A-A5236644D420}.Debug|Any CPU.ActiveCfg = Debug|Any CPU
		{FA53FED3-7D84-4495-A16A-A5236644D420}.Debug|Any CPU.Build.0 = Debug|Any CPU
		{FA53FED3-7D84-4495-A16A-A5236644D420}.Release|Any CPU.ActiveCfg = Release|Any CPU
		{FA53FED3-7D84-4495-A16A-A5236644D420}.Release|Any CPU.Build.0 = Release|Any CPU
		{77CAF8B4-09ED-4D8B-803B-7B4FCCF1BC62}.Debug|Any CPU.ActiveCfg = Debug|Any CPU
		{77CAF8B4-09ED-4D8B-803B-7B4FCCF1BC62}.Debug|Any CPU.Build.0 = Debug|Any CPU
		{77CAF8B4-09ED-4D8B-803B-7B4FCCF1BC62}.Release|Any CPU.ActiveCfg = Release|Any CPU
		{77CAF8B4-09ED-4D8B-803B-7B4FCCF1BC62}.Release|Any CPU.Build.0 = Release|Any CPU
		{F1EC17B8-2D57-4D62-905D-99C41BF44080}.Debug|Any CPU.ActiveCfg = Debug|Any CPU
		{F1EC17B8-2D57-4D62-905D-99C41BF44080}.Debug|Any CPU.Build.0 = Debug|Any CPU
		{F1EC17B8-2D57-4D62-905D-99C41BF44080}.Release|Any CPU.ActiveCfg = Release|Any CPU
		{F1EC17B8-2D57-4D62-905D-99C41BF44080}.Release|Any CPU.Build.0 = Release|Any CPU
		{4186F61B-C591-4854-9AA1-060EB714950D}.Debug|Any CPU.ActiveCfg = Debug|Any CPU
		{4186F61B-C591-4854-9AA1-060EB714950D}.Debug|Any CPU.Build.0 = Debug|Any CPU
		{4186F61B-C591-4854-9AA1-060EB714950D}.Release|Any CPU.ActiveCfg = Release|Any CPU
		{4186F61B-C591-4854-9AA1-060EB714950D}.Release|Any CPU.Build.0 = Release|Any CPU
		{ED1F7AC9-7B63-4FC6-A6A8-14BD1AB5D25E}.Debug|Any CPU.ActiveCfg = Debug|Any CPU
		{ED1F7AC9-7B63-4FC6-A6A8-14BD1AB5D25E}.Debug|Any CPU.Build.0 = Debug|Any CPU
		{ED1F7AC9-7B63-4FC6-A6A8-14BD1AB5D25E}.Release|Any CPU.ActiveCfg = Release|Any CPU
		{ED1F7AC9-7B63-4FC6-A6A8-14BD1AB5D25E}.Release|Any CPU.Build.0 = Release|Any CPU
		{B5893807-70E8-45EE-90DA-718C69BFA0EC}.Debug|Any CPU.ActiveCfg = Debug|Any CPU
		{B5893807-70E8-45EE-90DA-718C69BFA0EC}.Debug|Any CPU.Build.0 = Debug|Any CPU
		{B5893807-70E8-45EE-90DA-718C69BFA0EC}.Release|Any CPU.ActiveCfg = Release|Any CPU
		{B5893807-70E8-45EE-90DA-718C69BFA0EC}.Release|Any CPU.Build.0 = Release|Any CPU
		{BAF12F16-1EA7-441B-A33B-FBFBD3B9512F}.Debug|Any CPU.ActiveCfg = Debug|Any CPU
		{BAF12F16-1EA7-441B-A33B-FBFBD3B9512F}.Debug|Any CPU.Build.0 = Debug|Any CPU
		{BAF12F16-1EA7-441B-A33B-FBFBD3B9512F}.Release|Any CPU.ActiveCfg = Release|Any CPU
		{BAF12F16-1EA7-441B-A33B-FBFBD3B9512F}.Release|Any CPU.Build.0 = Release|Any CPU
		{7D31611D-E726-4F82-A9E6-B3023135943D}.Debug|Any CPU.ActiveCfg = Debug|Any CPU
		{7D31611D-E726-4F82-A9E6-B3023135943D}.Debug|Any CPU.Build.0 = Debug|Any CPU
		{7D31611D-E726-4F82-A9E6-B3023135943D}.Release|Any CPU.ActiveCfg = Release|Any CPU
		{7D31611D-E726-4F82-A9E6-B3023135943D}.Release|Any CPU.Build.0 = Release|Any CPU
		{708CA0AD-A43E-466F-8F9A-48CD97F467F2}.Debug|Any CPU.ActiveCfg = Debug|Any CPU
		{708CA0AD-A43E-466F-8F9A-48CD97F467F2}.Debug|Any CPU.Build.0 = Debug|Any CPU
		{708CA0AD-A43E-466F-8F9A-48CD97F467F2}.Release|Any CPU.ActiveCfg = Release|Any CPU
		{708CA0AD-A43E-466F-8F9A-48CD97F467F2}.Release|Any CPU.Build.0 = Release|Any CPU
		{3081E105-8D41-4622-9B53-CFEDF27B7762}.Debug|Any CPU.ActiveCfg = Debug|Any CPU
		{3081E105-8D41-4622-9B53-CFEDF27B7762}.Debug|Any CPU.Build.0 = Debug|Any CPU
		{3081E105-8D41-4622-9B53-CFEDF27B7762}.Release|Any CPU.ActiveCfg = Release|Any CPU
		{3081E105-8D41-4622-9B53-CFEDF27B7762}.Release|Any CPU.Build.0 = Release|Any CPU
		{973D83EB-45A4-422C-A525-4B1FEA1B6EB9}.Debug|Any CPU.ActiveCfg = Debug|Any CPU
		{973D83EB-45A4-422C-A525-4B1FEA1B6EB9}.Debug|Any CPU.Build.0 = Debug|Any CPU
		{973D83EB-45A4-422C-A525-4B1FEA1B6EB9}.Release|Any CPU.ActiveCfg = Release|Any CPU
		{973D83EB-45A4-422C-A525-4B1FEA1B6EB9}.Release|Any CPU.Build.0 = Release|Any CPU
		{F3010A91-7952-40C6-B838-E7DE04DFA00F}.Debug|Any CPU.ActiveCfg = Debug|Any CPU
		{F3010A91-7952-40C6-B838-E7DE04DFA00F}.Debug|Any CPU.Build.0 = Debug|Any CPU
		{F3010A91-7952-40C6-B838-E7DE04DFA00F}.Release|Any CPU.ActiveCfg = Release|Any CPU
		{F3010A91-7952-40C6-B838-E7DE04DFA00F}.Release|Any CPU.Build.0 = Release|Any CPU
		{90F38C9E-D85C-4E6C-8C33-D6093E33929C}.Debug|Any CPU.ActiveCfg = Debug|Any CPU
		{90F38C9E-D85C-4E6C-8C33-D6093E33929C}.Debug|Any CPU.Build.0 = Debug|Any CPU
		{90F38C9E-D85C-4E6C-8C33-D6093E33929C}.Release|Any CPU.ActiveCfg = Release|Any CPU
		{90F38C9E-D85C-4E6C-8C33-D6093E33929C}.Release|Any CPU.Build.0 = Release|Any CPU
	EndGlobalSection
	GlobalSection(SolutionProperties) = preSolution
		HideSolutionNode = FALSE
	EndGlobalSection
	GlobalSection(ExtensibilityGlobals) = postSolution
		SolutionGuid = {F4DBA814-1B5C-4342-A9F0-E0BCA941306C}
	EndGlobalSection
EndGlobal
