
Microsoft Visual Studio Solution File, Format Version 12.00
# Visual Studio Version 16
VisualStudioVersion = 16.0.30907.101
MinimumVisualStudioVersion = 10.0.40219.1
Project("{9A19103F-16F7-4668-BE54-9A1E7A4F7556}") = "001", "001\001.csproj", "{DB589882-1E63-404D-A77A-641FFFE08B1D}"
EndProject
Project("{9A19103F-16F7-4668-BE54-9A1E7A4F7556}") = "002", "002\002.csproj", "{BC01BB5A-8D87-4464-BF97-5E445D235CEB}"
EndProject
Project("{9A19103F-16F7-4668-BE54-9A1E7A4F7556}") = "011", "011\011.csproj", "{AB42E9C7-1EE1-46E5-8074-D488BF435CDA}"
EndProject
Project("{9A19103F-16F7-4668-BE54-9A1E7A4F7556}") = "012", "012\012.csproj", "{12BBC97B-5980-46D5-9A6B-A5231296257E}"
EndProject
Project("{9A19103F-16F7-4668-BE54-9A1E7A4F7556}") = "013", "013\013.csproj", "{D3201CDF-CEE6-4CE1-9794-5233B9AF4775}"
EndProject
Project("{9A19103F-16F7-4668-BE54-9A1E7A4F7556}") = "014", "014\014.csproj", "{EDBABD80-3B7C-4D78-91FD-FB2F79C73EDE}"
EndProject
Project("{9A19103F-16F7-4668-BE54-9A1E7A4F7556}") = "015", "015\015.csproj", "{117F4C5C-963C-4602-992D-D368098A8301}"
EndProject
Project("{9A19103F-16F7-4668-BE54-9A1E7A4F7556}") = "016", "016\016.csproj", "{5219ABC4-03B0-462D-9F54-DA6E39C75830}"
EndProject
Project("{9A19103F-16F7-4668-BE54-9A1E7A4F7556}") = "017 et¡os", "017\017 et¡os.csproj", "{2436E4E8-4A7F-43BA-907F-C315B436180B}"
EndProject
Project("{9A19103F-16F7-4668-BE54-9A1E7A4F7556}") = "018", "018\018.csproj", "{CCFFCDE8-503E-43B3-9678-58BF3214E8F0}"
EndProject
Project("{9A19103F-16F7-4668-BE54-9A1E7A4F7556}") = "019", "019\019.csproj", "{E56FDC71-0BB2-43B2-B8B7-69D2C89E720D}"
EndProject
Project("{9A19103F-16F7-4668-BE54-9A1E7A4F7556}") = "061", "061\061.csproj", "{91644FDF-A46B-4A23-850B-895477B3CFBE}"
EndProject
Project("{9A19103F-16F7-4668-BE54-9A1E7A4F7556}") = "020", "020\020.csproj", "{02543865-4685-4951-A952-F84470DB644D}"
EndProject
Project("{9A19103F-16F7-4668-BE54-9A1E7A4F7556}") = "021", "021\021.csproj", "{941C88FC-4924-473A-B1D9-8F6C42FF65BE}"
EndProject
Project("{9A19103F-16F7-4668-BE54-9A1E7A4F7556}") = "SwitchCase", "SwitchCase\SwitchCase.csproj", "{470990A3-EA02-41BC-B584-B37E6C9603CC}"
EndProject
Project("{9A19103F-16F7-4668-BE54-9A1E7A4F7556}") = "035", "035\035.csproj", "{95A15BF7-5E33-4250-BA87-CD7A0BFC1BD4}"
EndProject
Project("{9A19103F-16F7-4668-BE54-9A1E7A4F7556}") = "038", "038\038.csproj", "{DFE16BEB-F881-44D0-B447-8C6649593C17}"
EndProject
Project("{9A19103F-16F7-4668-BE54-9A1E7A4F7556}") = "044", "044\044.csproj", "{9075C4B4-F2FC-4E44-9A10-5977840F97AE}"
EndProject
Project("{9A19103F-16F7-4668-BE54-9A1E7A4F7556}") = "036", "036\036.csproj", "{1C707C13-594C-48B1-AE08-EE6876F8F5D8}"
EndProject
Project("{9A19103F-16F7-4668-BE54-9A1E7A4F7556}") = "037", "037\037.csproj", "{97E0A230-0AF0-47A1-98E0-64504E7F7053}"
EndProject
Project("{9A19103F-16F7-4668-BE54-9A1E7A4F7556}") = "040", "040\040.csproj", "{73B9B2AE-7F77-42EC-B2DD-A651C9A6BC3D}"
EndProject
Project("{9A19103F-16F7-4668-BE54-9A1E7A4F7556}") = "041", "041\041.csproj", "{1E1C8AD1-3CF6-4F79-A99E-836788080D3B}"
EndProject
Project("{9A19103F-16F7-4668-BE54-9A1E7A4F7556}") = "042", "042\042.csproj", "{A71B9AD8-6227-4576-8970-AE531B177B56}"
EndProject
Project("{9A19103F-16F7-4668-BE54-9A1E7A4F7556}") = "043", "043\043.csproj", "{C6CE6F06-FB64-4B12-88A6-382E6E62E70A}"
EndProject
Project("{9A19103F-16F7-4668-BE54-9A1E7A4F7556}") = "045", "045\045.csproj", "{131571DF-CDF7-41C7-B2CE-D7CA6BD39528}"
EndProject
Project("{9A19103F-16F7-4668-BE54-9A1E7A4F7556}") = "046", "046\046.csproj", "{9623C2FC-DA2B-4FD3-92C5-E7DB302F52EC}"
EndProject
Project("{9A19103F-16F7-4668-BE54-9A1E7A4F7556}") = "047", "047\047.csproj", "{F381A504-E085-4DB9-AED3-40B594AF5E14}"
EndProject
Project("{FAE04EC0-301F-11D3-BF4B-00C04F79EFBC}") = "048", "048\048.csproj", "{0E7DA097-B2BE-492D-B7D4-4852F6F6E937}"
EndProject
Project("{FAE04EC0-301F-11D3-BF4B-00C04F79EFBC}") = "049", "049\049.csproj", "{8E204C71-6917-4FCC-A075-F9346F48A806}"
EndProject
Project("{FAE04EC0-301F-11D3-BF4B-00C04F79EFBC}") = "050", "050\050.csproj", "{2656B797-3775-4500-A74E-BF2AC7DCE97C}"
EndProject
Project("{FAE04EC0-301F-11D3-BF4B-00C04F79EFBC}") = "051", "051\051.csproj", "{932311A2-D1B7-4018-802F-412321605279}"
EndProject
Project("{FAE04EC0-301F-11D3-BF4B-00C04F79EFBC}") = "052", "052\052.csproj", "{6FE5537D-8549-4935-8B80-13E45A700437}"
EndProject
Project("{FAE04EC0-301F-11D3-BF4B-00C04F79EFBC}") = "060", "060\060.csproj", "{CB49CECB-10CD-48DB-8533-41D3E3FD142E}"
EndProject
Project("{FAE04EC0-301F-11D3-BF4B-00C04F79EFBC}") = "064", "064\064.csproj", "{F9A8ABD9-36C8-4EDF-A9FB-CEBE35529568}"
EndProject
Project("{FAE04EC0-301F-11D3-BF4B-00C04F79EFBC}") = "065", "065\065.csproj", "{59D5DF38-1893-463A-BD5A-0AC1110B93C7}"
EndProject
Project("{FAE04EC0-301F-11D3-BF4B-00C04F79EFBC}") = "066", "066\066.csproj", "{21426C4B-4FFC-4ED5-8DD4-C417E18D4376}"
EndProject
Project("{FAE04EC0-301F-11D3-BF4B-00C04F79EFBC}") = "070", "070\070.csproj", "{F97DDF80-7755-4463-A339-966CE4E92AF5}"
EndProject
Global
	GlobalSection(SolutionConfigurationPlatforms) = preSolution
		Debug|Any CPU = Debug|Any CPU
		Release|Any CPU = Release|Any CPU
	EndGlobalSection
	GlobalSection(ProjectConfigurationPlatforms) = postSolution
		{DB589882-1E63-404D-A77A-641FFFE08B1D}.Debug|Any CPU.ActiveCfg = Debug|Any CPU
		{DB589882-1E63-404D-A77A-641FFFE08B1D}.Debug|Any CPU.Build.0 = Debug|Any CPU
		{DB589882-1E63-404D-A77A-641FFFE08B1D}.Release|Any CPU.ActiveCfg = Release|Any CPU
		{DB589882-1E63-404D-A77A-641FFFE08B1D}.Release|Any CPU.Build.0 = Release|Any CPU
		{BC01BB5A-8D87-4464-BF97-5E445D235CEB}.Debug|Any CPU.ActiveCfg = Debug|Any CPU
		{BC01BB5A-8D87-4464-BF97-5E445D235CEB}.Debug|Any CPU.Build.0 = Debug|Any CPU
		{BC01BB5A-8D87-4464-BF97-5E445D235CEB}.Release|Any CPU.ActiveCfg = Release|Any CPU
		{BC01BB5A-8D87-4464-BF97-5E445D235CEB}.Release|Any CPU.Build.0 = Release|Any CPU
		{AB42E9C7-1EE1-46E5-8074-D488BF435CDA}.Debug|Any CPU.ActiveCfg = Debug|Any CPU
		{AB42E9C7-1EE1-46E5-8074-D488BF435CDA}.Debug|Any CPU.Build.0 = Debug|Any CPU
		{AB42E9C7-1EE1-46E5-8074-D488BF435CDA}.Release|Any CPU.ActiveCfg = Release|Any CPU
		{AB42E9C7-1EE1-46E5-8074-D488BF435CDA}.Release|Any CPU.Build.0 = Release|Any CPU
		{12BBC97B-5980-46D5-9A6B-A5231296257E}.Debug|Any CPU.ActiveCfg = Debug|Any CPU
		{12BBC97B-5980-46D5-9A6B-A5231296257E}.Debug|Any CPU.Build.0 = Debug|Any CPU
		{12BBC97B-5980-46D5-9A6B-A5231296257E}.Release|Any CPU.ActiveCfg = Release|Any CPU
		{12BBC97B-5980-46D5-9A6B-A5231296257E}.Release|Any CPU.Build.0 = Release|Any CPU
		{D3201CDF-CEE6-4CE1-9794-5233B9AF4775}.Debug|Any CPU.ActiveCfg = Debug|Any CPU
		{D3201CDF-CEE6-4CE1-9794-5233B9AF4775}.Debug|Any CPU.Build.0 = Debug|Any CPU
		{D3201CDF-CEE6-4CE1-9794-5233B9AF4775}.Release|Any CPU.ActiveCfg = Release|Any CPU
		{D3201CDF-CEE6-4CE1-9794-5233B9AF4775}.Release|Any CPU.Build.0 = Release|Any CPU
		{EDBABD80-3B7C-4D78-91FD-FB2F79C73EDE}.Debug|Any CPU.ActiveCfg = Debug|Any CPU
		{EDBABD80-3B7C-4D78-91FD-FB2F79C73EDE}.Debug|Any CPU.Build.0 = Debug|Any CPU
		{EDBABD80-3B7C-4D78-91FD-FB2F79C73EDE}.Release|Any CPU.ActiveCfg = Release|Any CPU
		{EDBABD80-3B7C-4D78-91FD-FB2F79C73EDE}.Release|Any CPU.Build.0 = Release|Any CPU
		{117F4C5C-963C-4602-992D-D368098A8301}.Debug|Any CPU.ActiveCfg = Debug|Any CPU
		{117F4C5C-963C-4602-992D-D368098A8301}.Debug|Any CPU.Build.0 = Debug|Any CPU
		{117F4C5C-963C-4602-992D-D368098A8301}.Release|Any CPU.ActiveCfg = Release|Any CPU
		{117F4C5C-963C-4602-992D-D368098A8301}.Release|Any CPU.Build.0 = Release|Any CPU
		{5219ABC4-03B0-462D-9F54-DA6E39C75830}.Debug|Any CPU.ActiveCfg = Debug|Any CPU
		{5219ABC4-03B0-462D-9F54-DA6E39C75830}.Debug|Any CPU.Build.0 = Debug|Any CPU
		{5219ABC4-03B0-462D-9F54-DA6E39C75830}.Release|Any CPU.ActiveCfg = Release|Any CPU
		{5219ABC4-03B0-462D-9F54-DA6E39C75830}.Release|Any CPU.Build.0 = Release|Any CPU
		{2436E4E8-4A7F-43BA-907F-C315B436180B}.Debug|Any CPU.ActiveCfg = Debug|Any CPU
		{2436E4E8-4A7F-43BA-907F-C315B436180B}.Debug|Any CPU.Build.0 = Debug|Any CPU
		{2436E4E8-4A7F-43BA-907F-C315B436180B}.Release|Any CPU.ActiveCfg = Release|Any CPU
		{2436E4E8-4A7F-43BA-907F-C315B436180B}.Release|Any CPU.Build.0 = Release|Any CPU
		{CCFFCDE8-503E-43B3-9678-58BF3214E8F0}.Debug|Any CPU.ActiveCfg = Debug|Any CPU
		{CCFFCDE8-503E-43B3-9678-58BF3214E8F0}.Debug|Any CPU.Build.0 = Debug|Any CPU
		{CCFFCDE8-503E-43B3-9678-58BF3214E8F0}.Release|Any CPU.ActiveCfg = Release|Any CPU
		{CCFFCDE8-503E-43B3-9678-58BF3214E8F0}.Release|Any CPU.Build.0 = Release|Any CPU
		{E56FDC71-0BB2-43B2-B8B7-69D2C89E720D}.Debug|Any CPU.ActiveCfg = Debug|Any CPU
		{E56FDC71-0BB2-43B2-B8B7-69D2C89E720D}.Debug|Any CPU.Build.0 = Debug|Any CPU
		{E56FDC71-0BB2-43B2-B8B7-69D2C89E720D}.Release|Any CPU.ActiveCfg = Release|Any CPU
		{E56FDC71-0BB2-43B2-B8B7-69D2C89E720D}.Release|Any CPU.Build.0 = Release|Any CPU
		{91644FDF-A46B-4A23-850B-895477B3CFBE}.Debug|Any CPU.ActiveCfg = Debug|Any CPU
		{91644FDF-A46B-4A23-850B-895477B3CFBE}.Debug|Any CPU.Build.0 = Debug|Any CPU
		{91644FDF-A46B-4A23-850B-895477B3CFBE}.Release|Any CPU.ActiveCfg = Release|Any CPU
		{91644FDF-A46B-4A23-850B-895477B3CFBE}.Release|Any CPU.Build.0 = Release|Any CPU
		{02543865-4685-4951-A952-F84470DB644D}.Debug|Any CPU.ActiveCfg = Debug|Any CPU
		{02543865-4685-4951-A952-F84470DB644D}.Debug|Any CPU.Build.0 = Debug|Any CPU
		{02543865-4685-4951-A952-F84470DB644D}.Release|Any CPU.ActiveCfg = Release|Any CPU
		{02543865-4685-4951-A952-F84470DB644D}.Release|Any CPU.Build.0 = Release|Any CPU
		{941C88FC-4924-473A-B1D9-8F6C42FF65BE}.Debug|Any CPU.ActiveCfg = Debug|Any CPU
		{941C88FC-4924-473A-B1D9-8F6C42FF65BE}.Debug|Any CPU.Build.0 = Debug|Any CPU
		{941C88FC-4924-473A-B1D9-8F6C42FF65BE}.Release|Any CPU.ActiveCfg = Release|Any CPU
		{941C88FC-4924-473A-B1D9-8F6C42FF65BE}.Release|Any CPU.Build.0 = Release|Any CPU
		{470990A3-EA02-41BC-B584-B37E6C9603CC}.Debug|Any CPU.ActiveCfg = Debug|Any CPU
		{470990A3-EA02-41BC-B584-B37E6C9603CC}.Debug|Any CPU.Build.0 = Debug|Any CPU
		{470990A3-EA02-41BC-B584-B37E6C9603CC}.Release|Any CPU.ActiveCfg = Release|Any CPU
		{470990A3-EA02-41BC-B584-B37E6C9603CC}.Release|Any CPU.Build.0 = Release|Any CPU
		{95A15BF7-5E33-4250-BA87-CD7A0BFC1BD4}.Debug|Any CPU.ActiveCfg = Debug|Any CPU
		{95A15BF7-5E33-4250-BA87-CD7A0BFC1BD4}.Debug|Any CPU.Build.0 = Debug|Any CPU
		{95A15BF7-5E33-4250-BA87-CD7A0BFC1BD4}.Release|Any CPU.ActiveCfg = Release|Any CPU
		{95A15BF7-5E33-4250-BA87-CD7A0BFC1BD4}.Release|Any CPU.Build.0 = Release|Any CPU
		{DFE16BEB-F881-44D0-B447-8C6649593C17}.Debug|Any CPU.ActiveCfg = Debug|Any CPU
		{DFE16BEB-F881-44D0-B447-8C6649593C17}.Debug|Any CPU.Build.0 = Debug|Any CPU
		{DFE16BEB-F881-44D0-B447-8C6649593C17}.Release|Any CPU.ActiveCfg = Release|Any CPU
		{DFE16BEB-F881-44D0-B447-8C6649593C17}.Release|Any CPU.Build.0 = Release|Any CPU
		{9075C4B4-F2FC-4E44-9A10-5977840F97AE}.Debug|Any CPU.ActiveCfg = Debug|Any CPU
		{9075C4B4-F2FC-4E44-9A10-5977840F97AE}.Debug|Any CPU.Build.0 = Debug|Any CPU
		{9075C4B4-F2FC-4E44-9A10-5977840F97AE}.Release|Any CPU.ActiveCfg = Release|Any CPU
		{9075C4B4-F2FC-4E44-9A10-5977840F97AE}.Release|Any CPU.Build.0 = Release|Any CPU
		{1C707C13-594C-48B1-AE08-EE6876F8F5D8}.Debug|Any CPU.ActiveCfg = Debug|Any CPU
		{1C707C13-594C-48B1-AE08-EE6876F8F5D8}.Debug|Any CPU.Build.0 = Debug|Any CPU
		{1C707C13-594C-48B1-AE08-EE6876F8F5D8}.Release|Any CPU.ActiveCfg = Release|Any CPU
		{1C707C13-594C-48B1-AE08-EE6876F8F5D8}.Release|Any CPU.Build.0 = Release|Any CPU
		{97E0A230-0AF0-47A1-98E0-64504E7F7053}.Debug|Any CPU.ActiveCfg = Debug|Any CPU
		{97E0A230-0AF0-47A1-98E0-64504E7F7053}.Debug|Any CPU.Build.0 = Debug|Any CPU
		{97E0A230-0AF0-47A1-98E0-64504E7F7053}.Release|Any CPU.ActiveCfg = Release|Any CPU
		{97E0A230-0AF0-47A1-98E0-64504E7F7053}.Release|Any CPU.Build.0 = Release|Any CPU
		{73B9B2AE-7F77-42EC-B2DD-A651C9A6BC3D}.Debug|Any CPU.ActiveCfg = Debug|Any CPU
		{73B9B2AE-7F77-42EC-B2DD-A651C9A6BC3D}.Debug|Any CPU.Build.0 = Debug|Any CPU
		{73B9B2AE-7F77-42EC-B2DD-A651C9A6BC3D}.Release|Any CPU.ActiveCfg = Release|Any CPU
		{73B9B2AE-7F77-42EC-B2DD-A651C9A6BC3D}.Release|Any CPU.Build.0 = Release|Any CPU
		{1E1C8AD1-3CF6-4F79-A99E-836788080D3B}.Debug|Any CPU.ActiveCfg = Debug|Any CPU
		{1E1C8AD1-3CF6-4F79-A99E-836788080D3B}.Debug|Any CPU.Build.0 = Debug|Any CPU
		{1E1C8AD1-3CF6-4F79-A99E-836788080D3B}.Release|Any CPU.ActiveCfg = Release|Any CPU
		{1E1C8AD1-3CF6-4F79-A99E-836788080D3B}.Release|Any CPU.Build.0 = Release|Any CPU
		{A71B9AD8-6227-4576-8970-AE531B177B56}.Debug|Any CPU.ActiveCfg = Debug|Any CPU
		{A71B9AD8-6227-4576-8970-AE531B177B56}.Debug|Any CPU.Build.0 = Debug|Any CPU
		{A71B9AD8-6227-4576-8970-AE531B177B56}.Release|Any CPU.ActiveCfg = Release|Any CPU
		{A71B9AD8-6227-4576-8970-AE531B177B56}.Release|Any CPU.Build.0 = Release|Any CPU
		{C6CE6F06-FB64-4B12-88A6-382E6E62E70A}.Debug|Any CPU.ActiveCfg = Debug|Any CPU
		{C6CE6F06-FB64-4B12-88A6-382E6E62E70A}.Debug|Any CPU.Build.0 = Debug|Any CPU
		{C6CE6F06-FB64-4B12-88A6-382E6E62E70A}.Release|Any CPU.ActiveCfg = Release|Any CPU
		{C6CE6F06-FB64-4B12-88A6-382E6E62E70A}.Release|Any CPU.Build.0 = Release|Any CPU
		{131571DF-CDF7-41C7-B2CE-D7CA6BD39528}.Debug|Any CPU.ActiveCfg = Debug|Any CPU
		{131571DF-CDF7-41C7-B2CE-D7CA6BD39528}.Debug|Any CPU.Build.0 = Debug|Any CPU
		{131571DF-CDF7-41C7-B2CE-D7CA6BD39528}.Release|Any CPU.ActiveCfg = Release|Any CPU
		{131571DF-CDF7-41C7-B2CE-D7CA6BD39528}.Release|Any CPU.Build.0 = Release|Any CPU
		{9623C2FC-DA2B-4FD3-92C5-E7DB302F52EC}.Debug|Any CPU.ActiveCfg = Debug|Any CPU
		{9623C2FC-DA2B-4FD3-92C5-E7DB302F52EC}.Debug|Any CPU.Build.0 = Debug|Any CPU
		{9623C2FC-DA2B-4FD3-92C5-E7DB302F52EC}.Release|Any CPU.ActiveCfg = Release|Any CPU
		{9623C2FC-DA2B-4FD3-92C5-E7DB302F52EC}.Release|Any CPU.Build.0 = Release|Any CPU
		{F381A504-E085-4DB9-AED3-40B594AF5E14}.Debug|Any CPU.ActiveCfg = Debug|Any CPU
		{F381A504-E085-4DB9-AED3-40B594AF5E14}.Debug|Any CPU.Build.0 = Debug|Any CPU
		{F381A504-E085-4DB9-AED3-40B594AF5E14}.Release|Any CPU.ActiveCfg = Release|Any CPU
		{F381A504-E085-4DB9-AED3-40B594AF5E14}.Release|Any CPU.Build.0 = Release|Any CPU
		{0E7DA097-B2BE-492D-B7D4-4852F6F6E937}.Debug|Any CPU.ActiveCfg = Debug|Any CPU
		{0E7DA097-B2BE-492D-B7D4-4852F6F6E937}.Debug|Any CPU.Build.0 = Debug|Any CPU
		{0E7DA097-B2BE-492D-B7D4-4852F6F6E937}.Release|Any CPU.ActiveCfg = Release|Any CPU
		{0E7DA097-B2BE-492D-B7D4-4852F6F6E937}.Release|Any CPU.Build.0 = Release|Any CPU
		{8E204C71-6917-4FCC-A075-F9346F48A806}.Debug|Any CPU.ActiveCfg = Debug|Any CPU
		{8E204C71-6917-4FCC-A075-F9346F48A806}.Debug|Any CPU.Build.0 = Debug|Any CPU
		{8E204C71-6917-4FCC-A075-F9346F48A806}.Release|Any CPU.ActiveCfg = Release|Any CPU
		{8E204C71-6917-4FCC-A075-F9346F48A806}.Release|Any CPU.Build.0 = Release|Any CPU
		{2656B797-3775-4500-A74E-BF2AC7DCE97C}.Debug|Any CPU.ActiveCfg = Debug|Any CPU
		{2656B797-3775-4500-A74E-BF2AC7DCE97C}.Debug|Any CPU.Build.0 = Debug|Any CPU
		{2656B797-3775-4500-A74E-BF2AC7DCE97C}.Release|Any CPU.ActiveCfg = Release|Any CPU
		{2656B797-3775-4500-A74E-BF2AC7DCE97C}.Release|Any CPU.Build.0 = Release|Any CPU
		{932311A2-D1B7-4018-802F-412321605279}.Debug|Any CPU.ActiveCfg = Debug|Any CPU
		{932311A2-D1B7-4018-802F-412321605279}.Debug|Any CPU.Build.0 = Debug|Any CPU
		{932311A2-D1B7-4018-802F-412321605279}.Release|Any CPU.ActiveCfg = Release|Any CPU
		{932311A2-D1B7-4018-802F-412321605279}.Release|Any CPU.Build.0 = Release|Any CPU
		{6FE5537D-8549-4935-8B80-13E45A700437}.Debug|Any CPU.ActiveCfg = Debug|Any CPU
		{6FE5537D-8549-4935-8B80-13E45A700437}.Debug|Any CPU.Build.0 = Debug|Any CPU
		{6FE5537D-8549-4935-8B80-13E45A700437}.Release|Any CPU.ActiveCfg = Release|Any CPU
		{6FE5537D-8549-4935-8B80-13E45A700437}.Release|Any CPU.Build.0 = Release|Any CPU
		{CB49CECB-10CD-48DB-8533-41D3E3FD142E}.Debug|Any CPU.ActiveCfg = Debug|Any CPU
		{CB49CECB-10CD-48DB-8533-41D3E3FD142E}.Debug|Any CPU.Build.0 = Debug|Any CPU
		{CB49CECB-10CD-48DB-8533-41D3E3FD142E}.Release|Any CPU.ActiveCfg = Release|Any CPU
		{CB49CECB-10CD-48DB-8533-41D3E3FD142E}.Release|Any CPU.Build.0 = Release|Any CPU
		{F9A8ABD9-36C8-4EDF-A9FB-CEBE35529568}.Debug|Any CPU.ActiveCfg = Debug|Any CPU
		{F9A8ABD9-36C8-4EDF-A9FB-CEBE35529568}.Debug|Any CPU.Build.0 = Debug|Any CPU
		{F9A8ABD9-36C8-4EDF-A9FB-CEBE35529568}.Release|Any CPU.ActiveCfg = Release|Any CPU
		{F9A8ABD9-36C8-4EDF-A9FB-CEBE35529568}.Release|Any CPU.Build.0 = Release|Any CPU
		{59D5DF38-1893-463A-BD5A-0AC1110B93C7}.Debug|Any CPU.ActiveCfg = Debug|Any CPU
		{59D5DF38-1893-463A-BD5A-0AC1110B93C7}.Debug|Any CPU.Build.0 = Debug|Any CPU
		{59D5DF38-1893-463A-BD5A-0AC1110B93C7}.Release|Any CPU.ActiveCfg = Release|Any CPU
		{59D5DF38-1893-463A-BD5A-0AC1110B93C7}.Release|Any CPU.Build.0 = Release|Any CPU
		{21426C4B-4FFC-4ED5-8DD4-C417E18D4376}.Debug|Any CPU.ActiveCfg = Debug|Any CPU
		{21426C4B-4FFC-4ED5-8DD4-C417E18D4376}.Debug|Any CPU.Build.0 = Debug|Any CPU
		{21426C4B-4FFC-4ED5-8DD4-C417E18D4376}.Release|Any CPU.ActiveCfg = Release|Any CPU
		{21426C4B-4FFC-4ED5-8DD4-C417E18D4376}.Release|Any CPU.Build.0 = Release|Any CPU
		{F97DDF80-7755-4463-A339-966CE4E92AF5}.Debug|Any CPU.ActiveCfg = Debug|Any CPU
		{F97DDF80-7755-4463-A339-966CE4E92AF5}.Debug|Any CPU.Build.0 = Debug|Any CPU
		{F97DDF80-7755-4463-A339-966CE4E92AF5}.Release|Any CPU.ActiveCfg = Release|Any CPU
		{F97DDF80-7755-4463-A339-966CE4E92AF5}.Release|Any CPU.Build.0 = Release|Any CPU
	EndGlobalSection
	GlobalSection(SolutionProperties) = preSolution
		HideSolutionNode = FALSE
	EndGlobalSection
	GlobalSection(ExtensibilityGlobals) = postSolution
		SolutionGuid = {68F71360-99F2-4BC3-AD8A-418FEDD863E7}
	EndGlobalSection
EndGlobal
