
Microsoft Visual Studio Solution File, Format Version 12.00
# Visual Studio Version 16
VisualStudioVersion = 16.0.30907.101
MinimumVisualStudioVersion = 10.0.40219.1
Project("{9A19103F-16F7-4668-BE54-9A1E7A4F7556}") = "001", "001\001.csproj", "{DB589882-1E63-404D-A77A-641FFFE08B1D}"
EndProject
Project("{9A19103F-16F7-4668-BE54-9A1E7A4F7556}") = "002", "002\002.csproj", "{BC01BB5A-8D87-4464-BF97-5E445D235CEB}"
EndProject
Project("{9A19103F-16F7-4668-BE54-9A1E7A4F7556}") = "011", "011\011.csproj", "{AB42E9C7-1EE1-46E5-8074-D488BF435CDA}"
EndProject
Project("{9A19103F-16F7-4668-BE54-9A1E7A4F7556}") = "012", "012\012.csproj", "{12BBC97B-5980-46D5-9A6B-A5231296257E}"
EndProject
Project("{9A19103F-16F7-4668-BE54-9A1E7A4F7556}") = "013", "013\013.csproj", "{D3201CDF-CEE6-4CE1-9794-5233B9AF4775}"
EndProject
Project("{9A19103F-16F7-4668-BE54-9A1E7A4F7556}") = "014", "014\014.csproj", "{EDBABD80-3B7C-4D78-91FD-FB2F79C73EDE}"
EndProject
Project("{FAE04EC0-301F-11D3-BF4B-00C04F79EFBC}") = "015", "015\015.csproj", "{117F4C5C-963C-4602-992D-D368098A8301}"
EndProject
Project("{FAE04EC0-301F-11D3-BF4B-00C04F79EFBC}") = "016", "016\016.csproj", "{5219ABC4-03B0-462D-9F54-DA6E39C75830}"
EndProject
Project("{FAE04EC0-301F-11D3-BF4B-00C04F79EFBC}") = "017 et¡os", "017\017 et¡os.csproj", "{2436E4E8-4A7F-43BA-907F-C315B436180B}"
EndProject
Project("{FAE04EC0-301F-11D3-BF4B-00C04F79EFBC}") = "018", "018\018.csproj", "{CCFFCDE8-503E-43B3-9678-58BF3214E8F0}"
EndProject
Project("{FAE04EC0-301F-11D3-BF4B-00C04F79EFBC}") = "019", "019\019.csproj", "{E56FDC71-0BB2-43B2-B8B7-69D2C89E720D}"
EndProject
Project("{FAE04EC0-301F-11D3-BF4B-00C04F79EFBC}") = "061", "061\061.csproj", "{91644FDF-A46B-4A23-850B-895477B3CFBE}"
EndProject
Project("{FAE04EC0-301F-11D3-BF4B-00C04F79EFBC}") = "020", "020\020.csproj", "{02543865-4685-4951-A952-F84470DB644D}"
EndProject
Project("{FAE04EC0-301F-11D3-BF4B-00C04F79EFBC}") = "021", "021\021.csproj", "{941C88FC-4924-473A-B1D9-8F6C42FF65BE}"
EndProject
Global
	GlobalSection(SolutionConfigurationPlatforms) = preSolution
		Debug|Any CPU = Debug|Any CPU
		Release|Any CPU = Release|Any CPU
	EndGlobalSection
	GlobalSection(ProjectConfigurationPlatforms) = postSolution
		{DB589882-1E63-404D-A77A-641FFFE08B1D}.Debug|Any CPU.ActiveCfg = Debug|Any CPU
		{DB589882-1E63-404D-A77A-641FFFE08B1D}.Debug|Any CPU.Build.0 = Debug|Any CPU
		{DB589882-1E63-404D-A77A-641FFFE08B1D}.Release|Any CPU.ActiveCfg = Release|Any CPU
		{DB589882-1E63-404D-A77A-641FFFE08B1D}.Release|Any CPU.Build.0 = Release|Any CPU
		{BC01BB5A-8D87-4464-BF97-5E445D235CEB}.Debug|Any CPU.ActiveCfg = Debug|Any CPU
		{BC01BB5A-8D87-4464-BF97-5E445D235CEB}.Debug|Any CPU.Build.0 = Debug|Any CPU
		{BC01BB5A-8D87-4464-BF97-5E445D235CEB}.Release|Any CPU.ActiveCfg = Release|Any CPU
		{BC01BB5A-8D87-4464-BF97-5E445D235CEB}.Release|Any CPU.Build.0 = Release|Any CPU
		{AB42E9C7-1EE1-46E5-8074-D488BF435CDA}.Debug|Any CPU.ActiveCfg = Debug|Any CPU
		{AB42E9C7-1EE1-46E5-8074-D488BF435CDA}.Debug|Any CPU.Build.0 = Debug|Any CPU
		{AB42E9C7-1EE1-46E5-8074-D488BF435CDA}.Release|Any CPU.ActiveCfg = Release|Any CPU
		{AB42E9C7-1EE1-46E5-8074-D488BF435CDA}.Release|Any CPU.Build.0 = Release|Any CPU
		{12BBC97B-5980-46D5-9A6B-A5231296257E}.Debug|Any CPU.ActiveCfg = Debug|Any CPU
		{12BBC97B-5980-46D5-9A6B-A5231296257E}.Debug|Any CPU.Build.0 = Debug|Any CPU
		{12BBC97B-5980-46D5-9A6B-A5231296257E}.Release|Any CPU.ActiveCfg = Release|Any CPU
		{12BBC97B-5980-46D5-9A6B-A5231296257E}.Release|Any CPU.Build.0 = Release|Any CPU
		{D3201CDF-CEE6-4CE1-9794-5233B9AF4775}.Debug|Any CPU.ActiveCfg = Debug|Any CPU
		{D3201CDF-CEE6-4CE1-9794-5233B9AF4775}.Debug|Any CPU.Build.0 = Debug|Any CPU
		{D3201CDF-CEE6-4CE1-9794-5233B9AF4775}.Release|Any CPU.ActiveCfg = Release|Any CPU
		{D3201CDF-CEE6-4CE1-9794-5233B9AF4775}.Release|Any CPU.Build.0 = Release|Any CPU
		{EDBABD80-3B7C-4D78-91FD-FB2F79C73EDE}.Debug|Any CPU.ActiveCfg = Debug|Any CPU
		{EDBABD80-3B7C-4D78-91FD-FB2F79C73EDE}.Debug|Any CPU.Build.0 = Debug|Any CPU
		{EDBABD80-3B7C-4D78-91FD-FB2F79C73EDE}.Release|Any CPU.ActiveCfg = Release|Any CPU
		{EDBABD80-3B7C-4D78-91FD-FB2F79C73EDE}.Release|Any CPU.Build.0 = Release|Any CPU
		{117F4C5C-963C-4602-992D-D368098A8301}.Debug|Any CPU.ActiveCfg = Debug|Any CPU
		{117F4C5C-963C-4602-992D-D368098A8301}.Debug|Any CPU.Build.0 = Debug|Any CPU
		{117F4C5C-963C-4602-992D-D368098A8301}.Release|Any CPU.ActiveCfg = Release|Any CPU
		{117F4C5C-963C-4602-992D-D368098A8301}.Release|Any CPU.Build.0 = Release|Any CPU
		{5219ABC4-03B0-462D-9F54-DA6E39C75830}.Debug|Any CPU.ActiveCfg = Debug|Any CPU
		{5219ABC4-03B0-462D-9F54-DA6E39C75830}.Debug|Any CPU.Build.0 = Debug|Any CPU
		{5219ABC4-03B0-462D-9F54-DA6E39C75830}.Release|Any CPU.ActiveCfg = Release|Any CPU
		{5219ABC4-03B0-462D-9F54-DA6E39C75830}.Release|Any CPU.Build.0 = Release|Any CPU
		{2436E4E8-4A7F-43BA-907F-C315B436180B}.Debug|Any CPU.ActiveCfg = Debug|Any CPU
		{2436E4E8-4A7F-43BA-907F-C315B436180B}.Debug|Any CPU.Build.0 = Debug|Any CPU
		{2436E4E8-4A7F-43BA-907F-C315B436180B}.Release|Any CPU.ActiveCfg = Release|Any CPU
		{2436E4E8-4A7F-43BA-907F-C315B436180B}.Release|Any CPU.Build.0 = Release|Any CPU
		{CCFFCDE8-503E-43B3-9678-58BF3214E8F0}.Debug|Any CPU.ActiveCfg = Debug|Any CPU
		{CCFFCDE8-503E-43B3-9678-58BF3214E8F0}.Debug|Any CPU.Build.0 = Debug|Any CPU
		{CCFFCDE8-503E-43B3-9678-58BF3214E8F0}.Release|Any CPU.ActiveCfg = Release|Any CPU
		{CCFFCDE8-503E-43B3-9678-58BF3214E8F0}.Release|Any CPU.Build.0 = Release|Any CPU
		{E56FDC71-0BB2-43B2-B8B7-69D2C89E720D}.Debug|Any CPU.ActiveCfg = Debug|Any CPU
		{E56FDC71-0BB2-43B2-B8B7-69D2C89E720D}.Debug|Any CPU.Build.0 = Debug|Any CPU
		{E56FDC71-0BB2-43B2-B8B7-69D2C89E720D}.Release|Any CPU.ActiveCfg = Release|Any CPU
		{E56FDC71-0BB2-43B2-B8B7-69D2C89E720D}.Release|Any CPU.Build.0 = Release|Any CPU
		{91644FDF-A46B-4A23-850B-895477B3CFBE}.Debug|Any CPU.ActiveCfg = Debug|Any CPU
		{91644FDF-A46B-4A23-850B-895477B3CFBE}.Debug|Any CPU.Build.0 = Debug|Any CPU
		{91644FDF-A46B-4A23-850B-895477B3CFBE}.Release|Any CPU.ActiveCfg = Release|Any CPU
		{91644FDF-A46B-4A23-850B-895477B3CFBE}.Release|Any CPU.Build.0 = Release|Any CPU
		{02543865-4685-4951-A952-F84470DB644D}.Debug|Any CPU.ActiveCfg = Debug|Any CPU
		{02543865-4685-4951-A952-F84470DB644D}.Debug|Any CPU.Build.0 = Debug|Any CPU
		{02543865-4685-4951-A952-F84470DB644D}.Release|Any CPU.ActiveCfg = Release|Any CPU
		{02543865-4685-4951-A952-F84470DB644D}.Release|Any CPU.Build.0 = Release|Any CPU
		{941C88FC-4924-473A-B1D9-8F6C42FF65BE}.Debug|Any CPU.ActiveCfg = Debug|Any CPU
		{941C88FC-4924-473A-B1D9-8F6C42FF65BE}.Debug|Any CPU.Build.0 = Debug|Any CPU
		{941C88FC-4924-473A-B1D9-8F6C42FF65BE}.Release|Any CPU.ActiveCfg = Release|Any CPU
		{941C88FC-4924-473A-B1D9-8F6C42FF65BE}.Release|Any CPU.Build.0 = Release|Any CPU
	EndGlobalSection
	GlobalSection(SolutionProperties) = preSolution
		HideSolutionNode = FALSE
	EndGlobalSection
	GlobalSection(ExtensibilityGlobals) = postSolution
		SolutionGuid = {68F71360-99F2-4BC3-AD8A-418FEDD863E7}
	EndGlobalSection
EndGlobal
